
Microsoft Visual Studio Solution File, Format Version 12.00
# Visual Studio 15
VisualStudioVersion = 15.0.27703.2047
MinimumVisualStudioVersion = 10.0.40219.1
Project("{FAE04EC0-301F-11D3-BF4B-00C04F79EFBC}") = "CreditDemo", "CreditDemo\CreditDemo.csproj", "{0855972A-A649-47BA-BAC4-176453D09042}"
EndProject
Global
	GlobalSection(SolutionConfigurationPlatforms) = preSolution
		Debug|Any CPU = Debug|Any CPU
		Release|Any CPU = Release|Any CPU
	EndGlobalSection
	GlobalSection(ProjectConfigurationPlatforms) = postSolution
		{0855972A-A649-47BA-BAC4-176453D09042}.Debug|Any CPU.ActiveCfg = Debug|Any CPU
		{0855972A-A649-47BA-BAC4-176453D09042}.Debug|Any CPU.Build.0 = Debug|Any CPU
		{0855972A-A649-47BA-BAC4-176453D09042}.Release|Any CPU.ActiveCfg = Release|Any CPU
		{0855972A-A649-47BA-BAC4-176453D09042}.Release|Any CPU.Build.0 = Release|Any CPU
	EndGlobalSection
	GlobalSection(SolutionProperties) = preSolution
		HideSolutionNode = FALSE
	EndGlobalSection
	GlobalSection(ExtensibilityGlobals) = postSolution
		SolutionGuid = {8B1CFBA1-08D5-42F8-BD71-5D39B81FE94E}
	EndGlobalSection
EndGlobal
